PODS:
  - practiceProject (0.0.5):
    - practiceProject/Tools (= 0.0.5)
    - practiceProject/Tools2 (= 0.0.5)
  - practiceProject/Tools (0.0.5)
  - practiceProject/Tools2 (0.0.5)

DEPENDENCIES:
  - practiceProject (from `../`)

EXTERNAL SOURCES:
  practiceProject:
    :path: "../"

SPEC CHECKSUMS:
  practiceProject: d6b48f0e9c7567831a338707a6a1686996255a23

PODFILE CHECKSUM: e9adb556b9c0a78efe123918a7ce374b6285962d

COCOAPODS: 1.8.4
